// !$*UTF8*$!
{
	archiveVersion = 1;
	classes = {
	};
	objectVersion = 50;
	objects = {

/* Begin PBXBuildFile section */
		689A81D42282BC73008C9BEE /* AppDelegate.m in Sources */ = {isa = PBXBuildFile; fileRef = 689A81D32282BC73008C9BEE /* AppDelegate.m */; };
		689A81D62282BC75008C9BEE /* Assets.xcassets in Resources */ = {isa = PBXBuildFile; fileRef = 689A81D52282BC75008C9BEE /* Assets.xcassets */; };
		689A81D92282BC75008C9BEE /* LaunchScreen.storyboard in Resources */ = {isa = PBXBuildFile; fileRef = 689A81D72282BC75008C9BEE /* LaunchScreen.storyboard */; };
		689A81DC2282BC75008C9BEE /* main.m in Sources */ = {isa = PBXBuildFile; fileRef = 689A81DB2282BC75008C9BEE /* main.m */; };
		689A81EA2282C152008C9BEE /* HomeViewController.m in Sources */ = {isa = PBXBuildFile; fileRef = 689A81E92282C152008C9BEE /* HomeViewController.m */; };
		E7ED857C59C1DC2F89F6DE51 /* libPods-NetworkTraffic.a in Frameworks */ = {isa = PBXBuildFile; fileRef = 6147505C1E659E206228618F /* libPods-NetworkTraffic.a */; };
/* End PBXBuildFile section */

/* Begin PBXFileReference section */
		6147505C1E659E206228618F /* libPods-NetworkTraffic.a */ = {isa = PBXFileReference; explicitFileType = archive.ar; includeInIndex = 0; path = "libPods-NetworkTraffic.a"; sourceTree = BUILT_PRODUCTS_DIR; };
		689A81CF2282BC73008C9BEE /* NetworkTraffic.app */ = {isa = PBXFileReference; explicitFileType = wrapper.application; includeInIndex = 0; path = NetworkTraffic.app; sourceTree = BUILT_PRODUCTS_DIR; };
		689A81D22282BC73008C9BEE /* AppDelegate.h */ = {isa = PBXFileReference; lastKnownFileType = sourcecode.c.h; path = AppDelegate.h; sourceTree = "<group>"; };
		689A81D32282BC73008C9BEE /* AppDelegate.m */ = {isa = PBXFileReference; lastKnownFileType = sourcecode.c.objc; path = AppDelegate.m; sourceTree = "<group>"; };
		689A81D52282BC75008C9BEE /* Assets.xcassets */ = {isa = PBXFileReference; lastKnownFileType = folder.assetcatalog; path = Assets.xcassets; sourceTree = "<group>"; };
		689A81D82282BC75008C9BEE /* Base */ = {isa = PBXFileReference; lastKnownFileType = file.storyboard; name = Base; path = Base.lproj/LaunchScreen.storyboard; sourceTree = "<group>"; };
		689A81DA2282BC75008C9BEE /* Info.plist */ = {isa = PBXFileReference; lastKnownFileType = text.plist.xml; path = Info.plist; sourceTree = "<group>"; };
		689A81DB2282BC75008C9BEE /* main.m */ = {isa = PBXFileReference; lastKnownFileType = sourcecode.c.objc; path = main.m; sourceTree = "<group>"; };
		689A81E72282C047008C9BEE /* PrefixHeader.pch */ = {isa = PBXFileReference; lastKnownFileType = sourcecode.c.h; path = PrefixHeader.pch; sourceTree = "<group>"; };
		689A81E82282C152008C9BEE /* HomeViewController.h */ = {isa = PBXFileReference; lastKnownFileType = sourcecode.c.h; path = HomeViewController.h; sourceTree = "<group>"; };
		689A81E92282C152008C9BEE /* HomeViewController.m */ = {isa = PBXFileReference; lastKnownFileType = sourcecode.c.objc; path = HomeViewController.m; sourceTree = "<group>"; };
		9450D2F2F4A6D669924F9604 /* Pods-NetworkTraffic.release.xcconfig */ = {isa = PBXFileReference; includeInIndex = 1; lastKnownFileType = text.xcconfig; name = "Pods-NetworkTraffic.release.xcconfig"; path = "Target Support Files/Pods-NetworkTraffic/Pods-NetworkTraffic.release.xcconfig"; sourceTree = "<group>"; };
		E8E89A1E507412B8D5EAEBDE /* Pods-NetworkTraffic.debug.xcconfig */ = {isa = PBXFileReference; includeInIndex = 1; lastKnownFileType = text.xcconfig; name = "Pods-NetworkTraffic.debug.xcconfig"; path = "Target Support Files/Pods-NetworkTraffic/Pods-NetworkTraffic.debug.xcconfig"; sourceTree = "<group>"; };
/* End PBXFileReference section */

/* Begin PBXFrameworksBuildPhase section */
		689A81CC2282BC73008C9BEE /* Frameworks */ = {
			isa = PBXFrameworksBuildPhase;
			buildActionMask = 2147483647;
			files = (
				E7ED857C59C1DC2F89F6DE51 /* libPods-NetworkTraffic.a in Frameworks */,
			);
			runOnlyForDeploymentPostprocessing = 0;
		};
/* End PBXFrameworksBuildPhase section */

/* Begin PBXGroup section */
		1880A029733D9BA64F4A2AEA /* Frameworks */ = {
			isa = PBXGroup;
			children = (
				6147505C1E659E206228618F /* libPods-NetworkTraffic.a */,
			);
			name = Frameworks;
			sourceTree = "<group>";
		};
		689A81C62282BC73008C9BEE = {
			isa = PBXGroup;
			children = (
				689A81D12282BC73008C9BEE /* NetworkTraffic */,
				689A81D02282BC73008C9BEE /* Products */,
				6D0D43C4F7F65D5ADCD01B38 /* Pods */,
				1880A029733D9BA64F4A2AEA /* Frameworks */,
			);
			sourceTree = "<group>";
		};
		689A81D02282BC73008C9BEE /* Products */ = {
			isa = PBXGroup;
			children = (
				689A81CF2282BC73008C9BEE /* NetworkTraffic.app */,
			);
			name = Products;
			sourceTree = "<group>";
		};
		689A81D12282BC73008C9BEE /* NetworkTraffic */ = {
			isa = PBXGroup;
			children = (
				689A81D22282BC73008C9BEE /* AppDelegate.h */,
				689A81D32282BC73008C9BEE /* AppDelegate.m */,
				689A81E22282BFD0008C9BEE /* Classes */,
				689A81D52282BC75008C9BEE /* Assets.xcassets */,
				689A81D72282BC75008C9BEE /* LaunchScreen.storyboard */,
				689A81DA2282BC75008C9BEE /* Info.plist */,
				689A81DB2282BC75008C9BEE /* main.m */,
			);
			path = NetworkTraffic;
			sourceTree = "<group>";
		};
		689A81E22282BFD0008C9BEE /* Classes */ = {
			isa = PBXGroup;
			children = (
				689A81E42282BFD0008C9BEE /* Controllers */,
				689A81E52282BFD0008C9BEE /* Views */,
				689A81E32282BFD0008C9BEE /* Models */,
				689A81E62282C028008C9BEE /* Headers */,
			);
			path = Classes;
			sourceTree = "<group>";
		};
		689A81E32282BFD0008C9BEE /* Models */ = {
			isa = PBXGroup;
			children = (
			);
			path = Models;
			sourceTree = "<group>";
		};
		689A81E42282BFD0008C9BEE /* Controllers */ = {
			isa = PBXGroup;
			children = (
				689A81E82282C152008C9BEE /* HomeViewController.h */,
				689A81E92282C152008C9BEE /* HomeViewController.m */,
			);
			path = Controllers;
			sourceTree = "<group>";
		};
		689A81E52282BFD0008C9BEE /* Views */ = {
			isa = PBXGroup;
			children = (
			);
			path = Views;
			sourceTree = "<group>";
		};
		689A81E62282C028008C9BEE /* Headers */ = {
			isa = PBXGroup;
			children = (
				689A81E72282C047008C9BEE /* PrefixHeader.pch */,
			);
			path = Headers;
			sourceTree = "<group>";
		};
		6D0D43C4F7F65D5ADCD01B38 /* Pods */ = {
			isa = PBXGroup;
			children = (
				E8E89A1E507412B8D5EAEBDE /* Pods-NetworkTraffic.debug.xcconfig */,
				9450D2F2F4A6D669924F9604 /* Pods-NetworkTraffic.release.xcconfig */,
			);
			path = Pods;
			sourceTree = "<group>";
		};
/* End PBXGroup section */

/* Begin PBXNativeTarget section */
		689A81CE2282BC73008C9BEE /* NetworkTraffic */ = {
			isa = PBXNativeTarget;
			buildConfigurationList = 689A81DF2282BC75008C9BEE /* Build configuration list for PBXNativeTarget "NetworkTraffic" */;
			buildPhases = (
				6F5235E3E820584D39CF4352 /* [CP] Check Pods Manifest.lock */,
				689A81CB2282BC73008C9BEE /* Sources */,
				689A81CC2282BC73008C9BEE /* Frameworks */,
				689A81CD2282BC73008C9BEE /* Resources */,
			);
			buildRules = (
			);
			dependencies = (
			);
			name = NetworkTraffic;
			productName = NetworkTraffic;
			productReference = 689A81CF2282BC73008C9BEE /* NetworkTraffic.app */;
			productType = "com.apple.product-type.application";
		};
/* End PBXNativeTarget section */

/* Begin PBXProject section */
		689A81C72282BC73008C9BEE /* Project object */ = {
			isa = PBXProject;
			attributes = {
				LastUpgradeCheck = 1020;
				ORGANIZATIONNAME = WillHan;
				TargetAttributes = {
					689A81CE2282BC73008C9BEE = {
						CreatedOnToolsVersion = 10.2.1;
					};
				};
			};
			buildConfigurationList = 689A81CA2282BC73008C9BEE /* Build configuration list for PBXProject "NetworkTraffic" */;
			compatibilityVersion = "Xcode 9.3";
			developmentRegion = en;
			hasScannedForEncodings = 0;
			knownRegions = (
				en,
				Base,
			);
			mainGroup = 689A81C62282BC73008C9BEE;
			productRefGroup = 689A81D02282BC73008C9BEE /* Products */;
			projectDirPath = "";
			projectRoot = "";
			targets = (
				689A81CE2282BC73008C9BEE /* NetworkTraffic */,
			);
		};
/* End PBXProject section */

/* Begin PBXResourcesBuildPhase section */
		689A81CD2282BC73008C9BEE /* Resources */ = {
			isa = PBXResourcesBuildPhase;
			buildActionMask = 2147483647;
			files = (
				689A81D62282BC75008C9BEE /* Assets.xcassets in Resources */,
				689A81D92282BC75008C9BEE /* LaunchScreen.storyboard in Resources */,
			);
			runOnlyForDeploymentPostprocessing = 0;
		};
/* End PBXResourcesBuildPhase section */

/* Begin PBXShellScriptBuildPhase section */
		6F5235E3E820584D39CF4352 /* [CP] Check Pods Manifest.lock */ = {
			isa = PBXShellScriptBuildPhase;
			buildActionMask = 2147483647;
			files = (
			);
			inputFileListPaths = (
			);
			inputPaths = (
				"${PODS_PODFILE_DIR_PATH}/Podfile.lock",
				"${PODS_ROOT}/Manifest.lock",
			);
			name = "[CP] Check Pods Manifest.lock";
			outputFileListPaths = (
			);
			outputPaths = (
				"$(DERIVED_FILE_DIR)/Pods-NetworkTraffic-checkManifestLockResult.txt",
			);
			runOnlyForDeploymentPostprocessing = 0;
			shellPath = /bin/sh;
			shellScript = "diff \"${PODS_PODFILE_DIR_PATH}/Podfile.lock\" \"${PODS_ROOT}/Manifest.lock\" > /dev/null\nif [ $? != 0 ] ; then\n    # print error to STDERR\n    echo \"error: The sandbox is not in sync with the Podfile.lock. Run 'pod install' or update your CocoaPods installation.\" >&2\n    exit 1\nfi\n# This output is used by Xcode 'outputs' to avoid re-running this script phase.\necho \"SUCCESS\" > \"${SCRIPT_OUTPUT_FILE_0}\"\n";
			showEnvVarsInLog = 0;
		};
/* End PBXShellScriptBuildPhase section */

/* Begin PBXSourcesBuildPhase section */
		689A81CB2282BC73008C9BEE /* Sources */ = {
			isa = PBXSourcesBuildPhase;
			buildActionMask = 2147483647;
			files = (
				689A81DC2282BC75008C9BEE /* main.m in Sources */,
				689A81EA2282C152008C9BEE /* HomeViewController.m in Sources */,
				689A81D42282BC73008C9BEE /* AppDelegate.m in Sources */,
			);
			runOnlyForDeploymentPostprocessing = 0;
		};
/* End PBXSourcesBuildPhase section */

/* Begin PBXVariantGroup section */
		689A81D72282BC75008C9BEE /* LaunchScreen.storyboard */ = {
			isa = PBXVariantGroup;
			children = (
				689A81D82282BC75008C9BEE /* Base */,
			);
			name = LaunchScreen.storyboard;
			sourceTree = "<group>";
		};
/* End PBXVariantGroup section */

/* Begin XCBuildConfiguration section */
		689A81DD2282BC75008C9BEE /* Debug */ = {
			isa = XCBuildConfiguration;
			buildSettings = {
				ALWAYS_SEARCH_USER_PATHS = NO;
				CLANG_ANALYZER_NONNULL = YES;
				CLANG_ANALYZER_NUMBER_OBJECT_CONVERSION = YES_AGGRESSIVE;
				CLANG_CXX_LANGUAGE_STANDARD = "gnu++14";
				CLANG_CXX_LIBRARY = "libc++";
				CLANG_ENABLE_MODULES = YES;
				CLANG_ENABLE_OBJC_ARC = YES;
				CLANG_ENABLE_OBJC_WEAK = YES;
				CLANG_WARN_BLOCK_CAPTURE_AUTORELEASING = YES;
				CLANG_WARN_BOOL_CONVERSION = YES;
				CLANG_WARN_COMMA = YES;
				CLANG_WARN_CONSTANT_CONVERSION = YES;
				CLANG_WARN_DEPRECATED_OBJC_IMPLEMENTATIONS = YES;
				CLANG_WARN_DIRECT_OBJC_ISA_USAGE = YES_ERROR;
				CLANG_WARN_DOCUMENTATION_COMMENTS = YES;
				CLANG_WARN_EMPTY_BODY = YES;
				CLANG_WARN_ENUM_CONVERSION = YES;
				CLANG_WARN_INFINITE_RECURSION = YES;
				CLANG_WARN_INT_CONVERSION = YES;
				CLANG_WARN_NON_LITERAL_NULL_CONVERSION = YES;
				CLANG_WARN_OBJC_IMPLICIT_RETAIN_SELF = YES;
				CLANG_WARN_OBJC_LITERAL_CONVERSION = YES;
				CLANG_WARN_OBJC_ROOT_CLASS = YES_ERROR;
				CLANG_WARN_RANGE_LOOP_ANALYSIS = YES;
				CLANG_WARN_STRICT_PROTOTYPES = YES;
				CLANG_WARN_SUSPICIOUS_MOVE = YES;
				CLANG_WARN_UNGUARDED_AVAILABILITY = YES_AGGRESSIVE;
				CLANG_WARN_UNREACHABLE_CODE = YES;
				CLANG_WARN__DUPLICATE_METHOD_MATCH = YES;
				CODE_SIGN_IDENTITY = "iPhone Developer";
				COPY_PHASE_STRIP = NO;
				DEBUG_INFORMATION_FORMAT = dwarf;
				ENABLE_STRICT_OBJC_MSGSEND = YES;
				ENABLE_TESTABILITY = YES;
				GCC_C_LANGUAGE_STANDARD = gnu11;
				GCC_DYNAMIC_NO_PIC = NO;
				GCC_NO_COMMON_BLOCKS = YES;
				GCC_OPTIMIZATION_LEVEL = 0;
				GCC_PREPROCESSOR_DEFINITIONS = (
					"DEBUG=1",
					"$(inherited)",
				);
				GCC_WARN_64_TO_32_BIT_CONVERSION = YES;
				GCC_WARN_ABOUT_RETURN_TYPE = YES_ERROR;
				GCC_WARN_UNDECLARED_SELECTOR = YES;
				GCC_WARN_UNINITIALIZED_AUTOS = YES_AGGRESSIVE;
				GCC_WARN_UNUSED_FUNCTION = YES;
				GCC_WARN_UNUSED_VARIABLE = YES;
				IPHONEOS_DEPLOYMENT_TARGET = 12.2;
				MTL_ENABLE_DEBUG_INFO = INCLUDE_SOURCE;
				MTL_FAST_MATH = YES;
				ONLY_ACTIVE_ARCH = YES;
				SDKROOT = iphoneos;
			};
			name = Debug;
		};
		689A81DE2282BC75008C9BEE /* Release */ = {
			isa = XCBuildConfiguration;
			buildSettings = {
				ALWAYS_SEARCH_USER_PATHS = NO;
				CLANG_ANALYZER_NONNULL = YES;
				CLANG_ANALYZER_NUMBER_OBJECT_CONVERSION = YES_AGGRESSIVE;
				CLANG_CXX_LANGUAGE_STANDARD = "gnu++14";
				CLANG_CXX_LIBRARY = "libc++";
				CLANG_ENABLE_MODULES = YES;
				CLANG_ENABLE_OBJC_ARC = YES;
				CLANG_ENABLE_OBJC_WEAK = YES;
				CLANG_WARN_BLOCK_CAPTURE_AUTORELEASING = YES;
				CLANG_WARN_BOOL_CONVERSION = YES;
				CLANG_WARN_COMMA = YES;
				CLANG_WARN_CONSTANT_CONVERSION = YES;
				CLANG_WARN_DEPRECATED_OBJC_IMPLEMENTATIONS = YES;
				CLANG_WARN_DIRECT_OBJC_ISA_USAGE = YES_ERROR;
				CLANG_WARN_DOCUMENTATION_COMMENTS = YES;
				CLANG_WARN_EMPTY_BODY = YES;
				CLANG_WARN_ENUM_CONVERSION = YES;
				CLANG_WARN_INFINITE_RECURSION = YES;
				CLANG_WARN_INT_CONVERSION = YES;
				CLANG_WARN_NON_LITERAL_NULL_CONVERSION = YES;
				CLANG_WARN_OBJC_IMPLICIT_RETAIN_SELF = YES;
				CLANG_WARN_OBJC_LITERAL_CONVERSION = YES;
				CLANG_WARN_OBJC_ROOT_CLASS = YES_ERROR;
				CLANG_WARN_RANGE_LOOP_ANALYSIS = YES;
				CLANG_WARN_STRICT_PROTOTYPES = YES;
				CLANG_WARN_SUSPICIOUS_MOVE = YES;
				CLANG_WARN_UNGUARDED_AVAILABILITY = YES_AGGRESSIVE;
				CLANG_WARN_UNREACHABLE_CODE = YES;
				CLANG_WARN__DUPLICATE_METHOD_MATCH = YES;
				CODE_SIGN_IDENTITY = "iPhone Developer";
				COPY_PHASE_STRIP = NO;
				DEBUG_INFORMATION_FORMAT = "dwarf-with-dsym";
				ENABLE_NS_ASSERTIONS = NO;
				ENABLE_STRICT_OBJC_MSGSEND = YES;
				GCC_C_LANGUAGE_STANDARD = gnu11;
				GCC_NO_COMMON_BLOCKS = YES;
				GCC_WARN_64_TO_32_BIT_CONVERSION = YES;
				GCC_WARN_ABOUT_RETURN_TYPE = YES_ERROR;
				GCC_WARN_UNDECLARED_SELECTOR = YES;
				GCC_WARN_UNINITIALIZED_AUTOS = YES_AGGRESSIVE;
				GCC_WARN_UNUSED_FUNCTION = YES;
				GCC_WARN_UNUSED_VARIABLE = YES;
				IPHONEOS_DEPLOYMENT_TARGET = 12.2;
				MTL_ENABLE_DEBUG_INFO = NO;
				MTL_FAST_MATH = YES;
				SDKROOT = iphoneos;
				VALIDATE_PRODUCT = YES;
			};
			name = Release;
		};
		689A81E02282BC75008C9BEE /* Debug */ = {
			isa = XCBuildConfiguration;
			baseConfigurationReference = E8E89A1E507412B8D5EAEBDE /* Pods-NetworkTraffic.debug.xcconfig */;
			buildSettings = {
				ASSETCATALOG_COMPILER_APPICON_NAME = AppIcon;
				CODE_SIGN_STYLE = Manual;
				DEVELOPMENT_TEAM = X584CVJ28C;
				GCC_PRECOMPILE_PREFIX_HEADER = YES;
				GCC_PREFIX_HEADER = "${SRCROOT}/${PROJECT_NAME}/Classes/Headers/PrefixHeader.pch";
				INFOPLIST_FILE = NetworkTraffic/Info.plist;
				IPHONEOS_DEPLOYMENT_TARGET = 12.0;
				LD_RUNPATH_SEARCH_PATHS = (
					"$(inherited)",
					"@executable_path/Frameworks",
				);
				PRODUCT_BUNDLE_IDENTIFIER = com.willhan.networktraffic;
				PRODUCT_NAME = "$(TARGET_NAME)";
				PROVISIONING_PROFILE_SPECIFIER = "HKR-Wildcard-Development-Profile";
				TARGETED_DEVICE_FAMILY = "1,2";
			};
			name = Debug;
		};
		689A81E12282BC75008C9BEE /* Release */ = {
			isa = XCBuildConfiguration;
			baseConfigurationReference = 9450D2F2F4A6D669924F9604 /* Pods-NetworkTraffic.release.xcconfig */;
			buildSettings = {
				ASSETCATALOG_COMPILER_APPICON_NAME = AppIcon;
				CODE_SIGN_IDENTITY = "iPhone Distribution";
				CODE_SIGN_STYLE = Manual;
				DEVELOPMENT_TEAM = X584CVJ28C;
				GCC_PRECOMPILE_PREFIX_HEADER = YES;
				GCC_PREFIX_HEADER = "${SRCROOT}/${PROJECT_NAME}/Classes/Headers/PrefixHeader.pch";
				INFOPLIST_FILE = NetworkTraffic/Info.plist;
				IPHONEOS_DEPLOYMENT_TARGET = 12.0;
				LD_RUNPATH_SEARCH_PATHS = (
					"$(inherited)",
					"@executable_path/Frameworks",
				);
				PRODUCT_BUNDLE_IDENTIFIER = com.willhan.networktraffic;
				PRODUCT_NAME = "$(TARGET_NAME)";
				PROVISIONING_PROFILE_SPECIFIER = "HKR-Wildcard-Distribution-Profile";
				TARGETED_DEVICE_FAMILY = "1,2";
			};
			name = Release;
		};
/* End XCBuildConfiguration section */

/* Begin XCConfigurationList section */
		689A81CA2282BC73008C9BEE /* Build configuration list for PBXProject "NetworkTraffic" */ = {
			isa = XCConfigurationList;
			buildConfigurations = (
				689A81DD2282BC75008C9BEE /* Debug */,
				689A81DE2282BC75008C9BEE /* Release */,
			);
			defaultConfigurationIsVisible = 0;
			defaultConfigurationName = Release;
		};
		689A81DF2282BC75008C9BEE /* Build configuration list for PBXNativeTarget "NetworkTraffic" */ = {
			isa = XCConfigurationList;
			buildConfigurations = (
				689A81E02282BC75008C9BEE /* Debug */,
				689A81E12282BC75008C9BEE /* Release */,
			);
			defaultConfigurationIsVisible = 0;
			defaultConfigurationName = Release;
		};
/* End XCConfigurationList section */
	};
	rootObject = 689A81C72282BC73008C9BEE /* Project object */;
}
